
Microsoft Visual Studio Solution File, Format Version 12.00
# Visual Studio 2012
Project("{FAE04EC0-301F-11D3-BF4B-00C04F79EFBC}") = "Lifeguard", "Lifeguard\Lifeguard.csproj", "{B4A0223B-B6B4-434F-A33B-AB39FE58A93B}"
EndProject
Global
	GlobalSection(SolutionConfigurationPlatforms) = preSolution
		Debug|Any CPU = Debug|Any CPU
		Release|Any CPU = Release|Any CPU
	EndGlobalSection
	GlobalSection(ProjectConfigurationPlatforms) = postSolution
		{B4A0223B-B6B4-434F-A33B-AB39FE58A93B}.Debug|Any CPU.ActiveCfg = Debug|Any CPU
		{B4A0223B-B6B4-434F-A33B-AB39FE58A93B}.Debug|Any CPU.Build.0 = Debug|Any CPU
		{B4A0223B-B6B4-434F-A33B-AB39FE58A93B}.Release|Any CPU.ActiveCfg = Release|Any CPU
		{B4A0223B-B6B4-434F-A33B-AB39FE58A93B}.Release|Any CPU.Build.0 = Release|Any CPU
	EndGlobalSection
	GlobalSection(SolutionProperties) = preSolution
		HideSolutionNode = FALSE
	EndGlobalSection
EndGlobal
